
Microsoft Visual Studio Solution File, Format Version 12.00
# Visual Studio 2013
VisualStudioVersion = 12.0.21005.1
MinimumVisualStudioVersion = 10.0.40219.1
Project("{FAE04EC0-301F-11D3-BF4B-00C04F79EFBC}") = "MessageMedia.SDK.Lookups", "MessageMedia.SDK.Lookups\MessageMedia.SDK.Lookups.csproj", "{194ABB42-980B-494E-8CF4-2A2F6D217285}"
EndProject
Project("{FAE04EC0-301F-11D3-BF4B-00C04F79EFBC}") = "MessageMediaLookups.Tests", "MessageMediaLookups.Tests\MessageMediaLookups.Tests.csproj", "{05222648-70EA-41FF-8CF0-12DE9A5320FB}"
EndProject
Global
	GlobalSection(SolutionConfigurationPlatforms) = preSolution
		Debug|Any CPU = Debug|Any CPU
		Release|Any CPU = Release|Any CPU
	EndGlobalSection
	GlobalSection(ProjectConfigurationPlatforms) = postSolution
		{194ABB42-980B-494E-8CF4-2A2F6D217285}.Debug|Any CPU.ActiveCfg = Debug|Any CPU
		{194ABB42-980B-494E-8CF4-2A2F6D217285}.Debug|Any CPU.Build.0 = Debug|Any CPU
		{194ABB42-980B-494E-8CF4-2A2F6D217285}.Release|Any CPU.ActiveCfg = Release|Any CPU
		{194ABB42-980B-494E-8CF4-2A2F6D217285}.Release|Any CPU.Build.0 = Release|Any CPU
		{05222648-70EA-41FF-8CF0-12DE9A5320FB}.Debug|Any CPU.ActiveCfg = Debug|Any CPU
		{05222648-70EA-41FF-8CF0-12DE9A5320FB}.Debug|Any CPU.Build.0 = Debug|Any CPU
		{05222648-70EA-41FF-8CF0-12DE9A5320FB}.Release|Any CPU.ActiveCfg = Release|Any CPU
		{05222648-70EA-41FF-8CF0-12DE9A5320FB}.Release|Any CPU.Build.0 = Release|Any CPU
	EndGlobalSection
	GlobalSection(SolutionProperties) = preSolution
		HideSolutionNode = FALSE
	EndGlobalSection
EndGlobal
