
Microsoft Visual Studio Solution File, Format Version 12.00
# Visual Studio 2013
VisualStudioVersion = 12.0.21005.1
MinimumVisualStudioVersion = 10.0.40219.1
Project("{FAE04EC0-301F-11D3-BF4B-00C04F79EFBC}") = "MessageMediaLookups.PCL", "MessageMediaLookups.PCL/MessageMediaLookups.PCL.csproj", "{194abb42-980b-494e-8cf4-2a2f6d217285}"
EndProject
Project("{FAE04EC0-301F-11D3-BF4B-00C04F79EFBC}") = "MessageMediaLookups.Tests", "MessageMediaLookups.Tests/MessageMediaLookups.Tests.csproj", "{05222648-70ea-41ff-8cf0-12de9a5320fb}"
EndProject
Global
    GlobalSection(SolutionConfigurationPlatforms) = preSolution
        Debug|Any CPU = Debug|Any CPU
        Release|Any CPU = Release|Any CPU
    EndGlobalSection
    GlobalSection(ProjectConfigurationPlatforms) = postSolution
        {194abb42-980b-494e-8cf4-2a2f6d217285}.Debug|Any CPU.ActiveCfg = Debug|Any CPU
        {194abb42-980b-494e-8cf4-2a2f6d217285}.Debug|Any CPU.Build.0 = Debug|Any CPU
        {194abb42-980b-494e-8cf4-2a2f6d217285}.Release|Any CPU.ActiveCfg = Release|Any CPU
        {194abb42-980b-494e-8cf4-2a2f6d217285}.Release|Any CPU.Build.0 = Release|Any CPU
        {05222648-70ea-41ff-8cf0-12de9a5320fb}.Debug|Any CPU.ActiveCfg = Debug|Any CPU
        {05222648-70ea-41ff-8cf0-12de9a5320fb}.Debug|Any CPU.Build.0 = Debug|Any CPU
        {05222648-70ea-41ff-8cf0-12de9a5320fb}.Release|Any CPU.ActiveCfg = Release|Any CPU
        {05222648-70ea-41ff-8cf0-12de9a5320fb}.Release|Any CPU.Build.0 = Release|Any CPU
    EndGlobalSection
    GlobalSection(SolutionProperties) = preSolution
        HideSolutionNode = FALSE
    EndGlobalSection
EndGlobal
